
Microsoft Visual Studio Solution File, Format Version 12.00
# Visual Studio Version 17
VisualStudioVersion = 17.14.36705.20 d17.14
MinimumVisualStudioVersion = 10.0.40219.1
Project("{FAE04EC0-301F-11D3-BF4B-00C04F79EFBC}") = "singler", "singler.csproj", "{3F96510C-C6A6-6977-E432-3889BDF37262}"
EndProject
Global
	GlobalSection(SolutionConfigurationPlatforms) = preSolution
		Debug|Any CPU = Debug|Any CPU
		Release|Any CPU = Release|Any CPU
	EndGlobalSection
	GlobalSection(ProjectConfigurationPlatforms) = postSolution
		{3F96510C-C6A6-6977-E432-3889BDF37262}.Debug|Any CPU.ActiveCfg = Debug|Any CPU
		{3F96510C-C6A6-6977-E432-3889BDF37262}.Debug|Any CPU.Build.0 = Debug|Any CPU
		{3F96510C-C6A6-6977-E432-3889BDF37262}.Release|Any CPU.ActiveCfg = Release|Any CPU
		{3F96510C-C6A6-6977-E432-3889BDF37262}.Release|Any CPU.Build.0 = Release|Any CPU
	EndGlobalSection
	GlobalSection(SolutionProperties) = preSolution
		HideSolutionNode = FALSE
	EndGlobalSection
	GlobalSection(ExtensibilityGlobals) = postSolution
		SolutionGuid = {6AC0EDE8-DC02-4BBE-91CA-849F2CE07ADA}
	EndGlobalSection
EndGlobal
