
Microsoft Visual Studio Solution File, Format Version 12.00
# Visual Studio Version 17
VisualStudioVersion = 17.11.35303.130
MinimumVisualStudioVersion = 10.0.40219.1
Project("{FAE04EC0-301F-11D3-BF4B-00C04F79EFBC}") = "ConAppMergeLine", "ConAppMergeLine\ConAppMergeLine.csproj", "{6BC7C21B-978B-4097-B7A4-0CC98DA69B77}"
EndProject
Global
	GlobalSection(SolutionConfigurationPlatforms) = preSolution
		Debug|Any CPU = Debug|Any CPU
		Release|Any CPU = Release|Any CPU
	EndGlobalSection
	GlobalSection(ProjectConfigurationPlatforms) = postSolution
		{6BC7C21B-978B-4097-B7A4-0CC98DA69B77}.Debug|Any CPU.ActiveCfg = Debug|Any CPU
		{6BC7C21B-978B-4097-B7A4-0CC98DA69B77}.Debug|Any CPU.Build.0 = Debug|Any CPU
		{6BC7C21B-978B-4097-B7A4-0CC98DA69B77}.Release|Any CPU.ActiveCfg = Release|Any CPU
		{6BC7C21B-978B-4097-B7A4-0CC98DA69B77}.Release|Any CPU.Build.0 = Release|Any CPU
	EndGlobalSection
	GlobalSection(SolutionProperties) = preSolution
		HideSolutionNode = FALSE
	EndGlobalSection
	GlobalSection(ExtensibilityGlobals) = postSolution
		SolutionGuid = {F2A83A34-0CC9-4E9C-A365-D5486B39EF86}
	EndGlobalSection
EndGlobal
