
Microsoft Visual Studio Solution File, Format Version 12.00
# Visual Studio Version 16
VisualStudioVersion = 16.0.32602.291
MinimumVisualStudioVersion = 10.0.40219.1
Project("{FAE04EC0-301F-11D3-BF4B-00C04F79EFBC}") = "ConnAppSendEmail", "ConnAppSendEmail\ConnAppSendEmail.csproj", "{F022A115-A49F-4925-895D-76F8E17DE7CF}"
EndProject
Global
	GlobalSection(SolutionConfigurationPlatforms) = preSolution
		Debug|Any CPU = Debug|Any CPU
		Release|Any CPU = Release|Any CPU
	EndGlobalSection
	GlobalSection(ProjectConfigurationPlatforms) = postSolution
		{F022A115-A49F-4925-895D-76F8E17DE7CF}.Debug|Any CPU.ActiveCfg = Debug|Any CPU
		{F022A115-A49F-4925-895D-76F8E17DE7CF}.Debug|Any CPU.Build.0 = Debug|Any CPU
		{F022A115-A49F-4925-895D-76F8E17DE7CF}.Release|Any CPU.ActiveCfg = Release|Any CPU
		{F022A115-A49F-4925-895D-76F8E17DE7CF}.Release|Any CPU.Build.0 = Release|Any CPU
	EndGlobalSection
	GlobalSection(SolutionProperties) = preSolution
		HideSolutionNode = FALSE
	EndGlobalSection
	GlobalSection(ExtensibilityGlobals) = postSolution
		SolutionGuid = {54711118-8496-497B-B11A-8930EB20A9C0}
	EndGlobalSection
EndGlobal
