
Microsoft Visual Studio Solution File, Format Version 12.00
# Visual Studio Version 16
VisualStudioVersion = 16.0.32106.194
MinimumVisualStudioVersion = 10.0.40219.1
Project("{9A19103F-16F7-4668-BE54-9A1E7A4F7556}") = "bubble", "bubble.csproj", "{C99A6CE0-7AC0-4B21-8356-36CAE92EB0E4}"
EndProject
Global
	GlobalSection(SolutionConfigurationPlatforms) = preSolution
		Debug|Any CPU = Debug|Any CPU
		Release|Any CPU = Release|Any CPU
	EndGlobalSection
	GlobalSection(ProjectConfigurationPlatforms) = postSolution
		{C99A6CE0-7AC0-4B21-8356-36CAE92EB0E4}.Debug|Any CPU.ActiveCfg = Debug|Any CPU
		{C99A6CE0-7AC0-4B21-8356-36CAE92EB0E4}.Debug|Any CPU.Build.0 = Debug|Any CPU
		{C99A6CE0-7AC0-4B21-8356-36CAE92EB0E4}.Release|Any CPU.ActiveCfg = Release|Any CPU
		{C99A6CE0-7AC0-4B21-8356-36CAE92EB0E4}.Release|Any CPU.Build.0 = Release|Any CPU
	EndGlobalSection
	GlobalSection(SolutionProperties) = preSolution
		HideSolutionNode = FALSE
	EndGlobalSection
	GlobalSection(ExtensibilityGlobals) = postSolution
		SolutionGuid = {F3F58497-DA8C-40E8-9A6D-3A76B7612963}
	EndGlobalSection
EndGlobal
