
Microsoft Visual Studio Solution File, Format Version 12.00
# Visual Studio Version 16
VisualStudioVersion = 16.0.32802.440
MinimumVisualStudioVersion = 10.0.40219.1
Project("{FAE04EC0-301F-11D3-BF4B-00C04F79EFBC}") = "ConsAppWhereT", "ConsAppWhereT\ConsAppWhereT.csproj", "{5E91AEB2-7B90-48D4-981C-42E9FC9B0866}"
EndProject
Global
	GlobalSection(SolutionConfigurationPlatforms) = preSolution
		Debug|Any CPU = Debug|Any CPU
		Release|Any CPU = Release|Any CPU
	EndGlobalSection
	GlobalSection(ProjectConfigurationPlatforms) = postSolution
		{5E91AEB2-7B90-48D4-981C-42E9FC9B0866}.Debug|Any CPU.ActiveCfg = Debug|Any CPU
		{5E91AEB2-7B90-48D4-981C-42E9FC9B0866}.Debug|Any CPU.Build.0 = Debug|Any CPU
		{5E91AEB2-7B90-48D4-981C-42E9FC9B0866}.Release|Any CPU.ActiveCfg = Release|Any CPU
		{5E91AEB2-7B90-48D4-981C-42E9FC9B0866}.Release|Any CPU.Build.0 = Release|Any CPU
	EndGlobalSection
	GlobalSection(SolutionProperties) = preSolution
		HideSolutionNode = FALSE
	EndGlobalSection
	GlobalSection(ExtensibilityGlobals) = postSolution
		SolutionGuid = {31EB409C-C3C6-4B9F-AF1C-EE404204026E}
	EndGlobalSection
EndGlobal
