
Microsoft Visual Studio Solution File, Format Version 12.00
# Visual Studio Version 16
VisualStudioVersion = 16.0.32228.343
MinimumVisualStudioVersion = 10.0.40219.1
Project("{FAE04EC0-301F-11D3-BF4B-00C04F79EFBC}") = "ConeAppPad7", "ConeAppPad7\ConeAppPad7.csproj", "{6F376ECA-C423-4B32-9E5F-44510B5E669A}"
EndProject
Global
	GlobalSection(SolutionConfigurationPlatforms) = preSolution
		Debug|Any CPU = Debug|Any CPU
		Release|Any CPU = Release|Any CPU
	EndGlobalSection
	GlobalSection(ProjectConfigurationPlatforms) = postSolution
		{6F376ECA-C423-4B32-9E5F-44510B5E669A}.Debug|Any CPU.ActiveCfg = Debug|Any CPU
		{6F376ECA-C423-4B32-9E5F-44510B5E669A}.Debug|Any CPU.Build.0 = Debug|Any CPU
		{6F376ECA-C423-4B32-9E5F-44510B5E669A}.Release|Any CPU.ActiveCfg = Release|Any CPU
		{6F376ECA-C423-4B32-9E5F-44510B5E669A}.Release|Any CPU.Build.0 = Release|Any CPU
	EndGlobalSection
	GlobalSection(SolutionProperties) = preSolution
		HideSolutionNode = FALSE
	EndGlobalSection
	GlobalSection(ExtensibilityGlobals) = postSolution
		SolutionGuid = {E5B21674-6681-4067-8FBE-3C8D6670BB01}
	EndGlobalSection
EndGlobal
