
Microsoft Visual Studio Solution File, Format Version 12.00
# Visual Studio Version 17
VisualStudioVersion = 17.7.34202.233
MinimumVisualStudioVersion = 10.0.40219.1
Project("{FAE04EC0-301F-11D3-BF4B-00C04F79EFBC}") = "ConAppPolymprphism", "ConAppPolymprphism\ConAppPolymprphism.csproj", "{6A7EECDC-4738-4CF4-8387-314A25F54A0D}"
EndProject
Global
	GlobalSection(SolutionConfigurationPlatforms) = preSolution
		Debug|Any CPU = Debug|Any CPU
		Release|Any CPU = Release|Any CPU
	EndGlobalSection
	GlobalSection(ProjectConfigurationPlatforms) = postSolution
		{6A7EECDC-4738-4CF4-8387-314A25F54A0D}.Debug|Any CPU.ActiveCfg = Debug|Any CPU
		{6A7EECDC-4738-4CF4-8387-314A25F54A0D}.Debug|Any CPU.Build.0 = Debug|Any CPU
		{6A7EECDC-4738-4CF4-8387-314A25F54A0D}.Release|Any CPU.ActiveCfg = Release|Any CPU
		{6A7EECDC-4738-4CF4-8387-314A25F54A0D}.Release|Any CPU.Build.0 = Release|Any CPU
	EndGlobalSection
	GlobalSection(SolutionProperties) = preSolution
		HideSolutionNode = FALSE
	EndGlobalSection
	GlobalSection(ExtensibilityGlobals) = postSolution
		SolutionGuid = {6021B16D-CB83-4ADC-AD32-C9F821964079}
	EndGlobalSection
EndGlobal
