
Microsoft Visual Studio Solution File, Format Version 12.00
# Visual Studio Version 17
VisualStudioVersion = 17.0.31815.197
MinimumVisualStudioVersion = 10.0.40219.1
Project("{FAE04EC0-301F-11D3-BF4B-00C04F79EFBC}") = "MyTcpListener", "MyTcpListener\MyTcpListener.csproj", "{EDC9FFF3-E1BC-42E8-A70B-22D794513D6F}"
EndProject
Global
	GlobalSection(SolutionConfigurationPlatforms) = preSolution
		Debug|Any CPU = Debug|Any CPU
		Release|Any CPU = Release|Any CPU
	EndGlobalSection
	GlobalSection(ProjectConfigurationPlatforms) = postSolution
		{EDC9FFF3-E1BC-42E8-A70B-22D794513D6F}.Debug|Any CPU.ActiveCfg = Debug|Any CPU
		{EDC9FFF3-E1BC-42E8-A70B-22D794513D6F}.Debug|Any CPU.Build.0 = Debug|Any CPU
		{EDC9FFF3-E1BC-42E8-A70B-22D794513D6F}.Release|Any CPU.ActiveCfg = Release|Any CPU
		{EDC9FFF3-E1BC-42E8-A70B-22D794513D6F}.Release|Any CPU.Build.0 = Release|Any CPU
	EndGlobalSection
	GlobalSection(SolutionProperties) = preSolution
		HideSolutionNode = FALSE
	EndGlobalSection
	GlobalSection(ExtensibilityGlobals) = postSolution
		SolutionGuid = {8BFD2B6C-A28F-47F7-B0D7-D5B604980FC0}
	EndGlobalSection
EndGlobal
