
Microsoft Visual Studio Solution File, Format Version 12.00
# Visual Studio Version 16
VisualStudioVersion = 16.0.31702.278
MinimumVisualStudioVersion = 10.0.40219.1
Project("{FAE04EC0-301F-11D3-BF4B-00C04F79EFBC}") = "TcpClientCore", "TcpClientCore\TcpClientCore.csproj", "{20E2BD47-27A9-4032-8CC0-66C599471964}"
EndProject
Global
	GlobalSection(SolutionConfigurationPlatforms) = preSolution
		Debug|Any CPU = Debug|Any CPU
		Release|Any CPU = Release|Any CPU
	EndGlobalSection
	GlobalSection(ProjectConfigurationPlatforms) = postSolution
		{20E2BD47-27A9-4032-8CC0-66C599471964}.Debug|Any CPU.ActiveCfg = Debug|Any CPU
		{20E2BD47-27A9-4032-8CC0-66C599471964}.Debug|Any CPU.Build.0 = Debug|Any CPU
		{20E2BD47-27A9-4032-8CC0-66C599471964}.Release|Any CPU.ActiveCfg = Release|Any CPU
		{20E2BD47-27A9-4032-8CC0-66C599471964}.Release|Any CPU.Build.0 = Release|Any CPU
	EndGlobalSection
	GlobalSection(SolutionProperties) = preSolution
		HideSolutionNode = FALSE
	EndGlobalSection
	GlobalSection(ExtensibilityGlobals) = postSolution
		SolutionGuid = {191BBCCF-B70E-49DC-A79F-4D6197B2AA20}
	EndGlobalSection
EndGlobal
