
Microsoft Visual Studio Solution File, Format Version 12.00
# Visual Studio Version 17
VisualStudioVersion = 17.7.34018.315
MinimumVisualStudioVersion = 10.0.40219.1
Project("{FAE04EC0-301F-11D3-BF4B-00C04F79EFBC}") = "ConAppRandomUniqueDecimal", "ConAppRandomUniqueDecimal\ConAppRandomUniqueDecimal.csproj", "{061C797C-EED3-42E4-B0E0-875372F28D2B}"
EndProject
Global
	GlobalSection(SolutionConfigurationPlatforms) = preSolution
		Debug|Any CPU = Debug|Any CPU
		Release|Any CPU = Release|Any CPU
	EndGlobalSection
	GlobalSection(ProjectConfigurationPlatforms) = postSolution
		{061C797C-EED3-42E4-B0E0-875372F28D2B}.Debug|Any CPU.ActiveCfg = Debug|Any CPU
		{061C797C-EED3-42E4-B0E0-875372F28D2B}.Debug|Any CPU.Build.0 = Debug|Any CPU
		{061C797C-EED3-42E4-B0E0-875372F28D2B}.Release|Any CPU.ActiveCfg = Release|Any CPU
		{061C797C-EED3-42E4-B0E0-875372F28D2B}.Release|Any CPU.Build.0 = Release|Any CPU
	EndGlobalSection
	GlobalSection(SolutionProperties) = preSolution
		HideSolutionNode = FALSE
	EndGlobalSection
	GlobalSection(ExtensibilityGlobals) = postSolution
		SolutionGuid = {7C1E3F31-DFF6-402F-9567-043E0C3C543D}
	EndGlobalSection
EndGlobal
