Microsoft Visual Studio Solution File, Format Version 12.00
# Visual Studio Version 17
VisualStudioVersion = 17.5.2.0
MinimumVisualStudioVersion = 10.0.40219.1
Project("{FAE04EC0-301F-11D3-BF4B-00C04F79EFBC}") = "csmultipleinheritance", "csmultipleinheritance.csproj", "{D3B21422-AAAF-69BD-37D2-1880F33F0020}"
EndProject
Global
	GlobalSection(SolutionConfigurationPlatforms) = preSolution
		Debug|Any CPU = Debug|Any CPU
		Release|Any CPU = Release|Any CPU
	EndGlobalSection
	GlobalSection(ProjectConfigurationPlatforms) = postSolution
		{D3B21422-AAAF-69BD-37D2-1880F33F0020}.Debug|Any CPU.ActiveCfg = Debug|Any CPU
		{D3B21422-AAAF-69BD-37D2-1880F33F0020}.Debug|Any CPU.Build.0 = Debug|Any CPU
		{D3B21422-AAAF-69BD-37D2-1880F33F0020}.Release|Any CPU.ActiveCfg = Release|Any CPU
		{D3B21422-AAAF-69BD-37D2-1880F33F0020}.Release|Any CPU.Build.0 = Release|Any CPU
	EndGlobalSection
	GlobalSection(SolutionProperties) = preSolution
		HideSolutionNode = FALSE
	EndGlobalSection
	GlobalSection(ExtensibilityGlobals) = postSolution
		SolutionGuid = {0171B067-F836-4C49-9172-28B9585E2A80}
	EndGlobalSection
EndGlobal
