
Microsoft Visual Studio Solution File, Format Version 12.00
# Visual Studio Version 17
VisualStudioVersion = 17.10.35013.160
MinimumVisualStudioVersion = 10.0.40219.1
Project("{FAE04EC0-301F-11D3-BF4B-00C04F79EFBC}") = "ConAppNoDI", "ConAppNoDI\ConAppNoDI.csproj", "{D00759C0-A5BD-48E9-AFC3-C9BB256AAF9E}"
EndProject
Global
	GlobalSection(SolutionConfigurationPlatforms) = preSolution
		Debug|Any CPU = Debug|Any CPU
		Release|Any CPU = Release|Any CPU
	EndGlobalSection
	GlobalSection(ProjectConfigurationPlatforms) = postSolution
		{D00759C0-A5BD-48E9-AFC3-C9BB256AAF9E}.Debug|Any CPU.ActiveCfg = Debug|Any CPU
		{D00759C0-A5BD-48E9-AFC3-C9BB256AAF9E}.Debug|Any CPU.Build.0 = Debug|Any CPU
		{D00759C0-A5BD-48E9-AFC3-C9BB256AAF9E}.Release|Any CPU.ActiveCfg = Release|Any CPU
		{D00759C0-A5BD-48E9-AFC3-C9BB256AAF9E}.Release|Any CPU.Build.0 = Release|Any CPU
	EndGlobalSection
	GlobalSection(SolutionProperties) = preSolution
		HideSolutionNode = FALSE
	EndGlobalSection
	GlobalSection(ExtensibilityGlobals) = postSolution
		SolutionGuid = {857AD281-A427-4F55-B130-7332313EC704}
	EndGlobalSection
EndGlobal
