
Microsoft Visual Studio Solution File, Format Version 12.00
# Visual Studio Version 16
VisualStudioVersion = 16.0.32630.194
MinimumVisualStudioVersion = 10.0.40219.1
Project("{FAE04EC0-301F-11D3-BF4B-00C04F79EFBC}") = "ConsAppGenDate", "ConsAppGenDate\ConsAppGenDate.csproj", "{0750CE23-84DB-4889-91B9-4CE35A8471A8}"
EndProject
Global
	GlobalSection(SolutionConfigurationPlatforms) = preSolution
		Debug|Any CPU = Debug|Any CPU
		Release|Any CPU = Release|Any CPU
	EndGlobalSection
	GlobalSection(ProjectConfigurationPlatforms) = postSolution
		{0750CE23-84DB-4889-91B9-4CE35A8471A8}.Debug|Any CPU.ActiveCfg = Debug|Any CPU
		{0750CE23-84DB-4889-91B9-4CE35A8471A8}.Debug|Any CPU.Build.0 = Debug|Any CPU
		{0750CE23-84DB-4889-91B9-4CE35A8471A8}.Release|Any CPU.ActiveCfg = Release|Any CPU
		{0750CE23-84DB-4889-91B9-4CE35A8471A8}.Release|Any CPU.Build.0 = Release|Any CPU
	EndGlobalSection
	GlobalSection(SolutionProperties) = preSolution
		HideSolutionNode = FALSE
	EndGlobalSection
	GlobalSection(ExtensibilityGlobals) = postSolution
		SolutionGuid = {704FE872-BBE9-4EA4-87A6-DCCDE1FEF196}
	EndGlobalSection
EndGlobal
