
Microsoft Visual Studio Solution File, Format Version 12.00
# Visual Studio 15
VisualStudioVersion = 15.0.28307.1401
MinimumVisualStudioVersion = 10.0.40219.1
Project("{FAE04EC0-301F-11D3-BF4B-00C04F79EFBC}") = "ConAppListEdit", "ConAppListEdit\ConAppListEdit.csproj", "{140A5383-EF04-44BC-8D3A-70BE2A0DFDB6}"
EndProject
Global
	GlobalSection(SolutionConfigurationPlatforms) = preSolution
		Debug|Any CPU = Debug|Any CPU
		Release|Any CPU = Release|Any CPU
	EndGlobalSection
	GlobalSection(ProjectConfigurationPlatforms) = postSolution
		{140A5383-EF04-44BC-8D3A-70BE2A0DFDB6}.Debug|Any CPU.ActiveCfg = Debug|Any CPU
		{140A5383-EF04-44BC-8D3A-70BE2A0DFDB6}.Debug|Any CPU.Build.0 = Debug|Any CPU
		{140A5383-EF04-44BC-8D3A-70BE2A0DFDB6}.Release|Any CPU.ActiveCfg = Release|Any CPU
		{140A5383-EF04-44BC-8D3A-70BE2A0DFDB6}.Release|Any CPU.Build.0 = Release|Any CPU
	EndGlobalSection
	GlobalSection(SolutionProperties) = preSolution
		HideSolutionNode = FALSE
	EndGlobalSection
	GlobalSection(ExtensibilityGlobals) = postSolution
		SolutionGuid = {0A0D6DFF-832A-4CA7-8331-01A7FB66AE73}
	EndGlobalSection
EndGlobal
